
Microsoft Visual Studio Solution File, Format Version 12.00
# Visual Studio 15
VisualStudioVersion = 15.0.26124.0
MinimumVisualStudioVersion = 15.0.26124.0
Project("{9A19103F-16F7-4668-BE54-9A1E7A4F7556}") = "filerLibrary", "filerLibrary\filerLibrary.csproj", "{97F83606-931F-4570-8158-14B4E5C3870A}"
EndProject
Project("{9A19103F-16F7-4668-BE54-9A1E7A4F7556}") = "filer", "filer.csproj", "{91BECE9C-4A33-4F12-B28D-040869295298}"
EndProject
Project("{FAE04EC0-301F-11D3-BF4B-00C04F79EFBC}") = "filer.Test", "filer.Test\filer.Test.csproj", "{771EE871-7096-4E47-848F-D2C276DB6B17}"
EndProject
Global
	GlobalSection(SolutionConfigurationPlatforms) = preSolution
		Debug|Any CPU = Debug|Any CPU
		Debug|x64 = Debug|x64
		Debug|x86 = Debug|x86
		Release|Any CPU = Release|Any CPU
		Release|x64 = Release|x64
		Release|x86 = Release|x86
	EndGlobalSection
	GlobalSection(ProjectConfigurationPlatforms) = postSolution
		{97F83606-931F-4570-8158-14B4E5C3870A}.Debug|Any CPU.ActiveCfg = Debug|Any CPU
		{97F83606-931F-4570-8158-14B4E5C3870A}.Debug|Any CPU.Build.0 = Debug|Any CPU
		{97F83606-931F-4570-8158-14B4E5C3870A}.Debug|x64.ActiveCfg = Debug|Any CPU
		{97F83606-931F-4570-8158-14B4E5C3870A}.Debug|x64.Build.0 = Debug|Any CPU
		{97F83606-931F-4570-8158-14B4E5C3870A}.Debug|x86.ActiveCfg = Debug|Any CPU
		{97F83606-931F-4570-8158-14B4E5C3870A}.Debug|x86.Build.0 = Debug|Any CPU
		{97F83606-931F-4570-8158-14B4E5C3870A}.Release|Any CPU.ActiveCfg = Release|Any CPU
		{97F83606-931F-4570-8158-14B4E5C3870A}.Release|Any CPU.Build.0 = Release|Any CPU
		{97F83606-931F-4570-8158-14B4E5C3870A}.Release|x64.ActiveCfg = Release|Any CPU
		{97F83606-931F-4570-8158-14B4E5C3870A}.Release|x64.Build.0 = Release|Any CPU
		{97F83606-931F-4570-8158-14B4E5C3870A}.Release|x86.ActiveCfg = Release|Any CPU
		{97F83606-931F-4570-8158-14B4E5C3870A}.Release|x86.Build.0 = Release|Any CPU
		{91BECE9C-4A33-4F12-B28D-040869295298}.Debug|Any CPU.ActiveCfg = Debug|Any CPU
		{91BECE9C-4A33-4F12-B28D-040869295298}.Debug|Any CPU.Build.0 = Debug|Any CPU
		{91BECE9C-4A33-4F12-B28D-040869295298}.Debug|x64.ActiveCfg = Debug|Any CPU
		{91BECE9C-4A33-4F12-B28D-040869295298}.Debug|x64.Build.0 = Debug|Any CPU
		{91BECE9C-4A33-4F12-B28D-040869295298}.Debug|x86.ActiveCfg = Debug|Any CPU
		{91BECE9C-4A33-4F12-B28D-040869295298}.Debug|x86.Build.0 = Debug|Any CPU
		{91BECE9C-4A33-4F12-B28D-040869295298}.Release|Any CPU.ActiveCfg = Release|Any CPU
		{91BECE9C-4A33-4F12-B28D-040869295298}.Release|Any CPU.Build.0 = Release|Any CPU
		{91BECE9C-4A33-4F12-B28D-040869295298}.Release|x64.ActiveCfg = Release|Any CPU
		{91BECE9C-4A33-4F12-B28D-040869295298}.Release|x64.Build.0 = Release|Any CPU
		{91BECE9C-4A33-4F12-B28D-040869295298}.Release|x86.ActiveCfg = Release|Any CPU
		{91BECE9C-4A33-4F12-B28D-040869295298}.Release|x86.Build.0 = Release|Any CPU
		{771EE871-7096-4E47-848F-D2C276DB6B17}.Debug|Any CPU.ActiveCfg = Debug|Any CPU
		{771EE871-7096-4E47-848F-D2C276DB6B17}.Debug|Any CPU.Build.0 = Debug|Any CPU
		{771EE871-7096-4E47-848F-D2C276DB6B17}.Debug|x64.ActiveCfg = Debug|Any CPU
		{771EE871-7096-4E47-848F-D2C276DB6B17}.Debug|x64.Build.0 = Debug|Any CPU
		{771EE871-7096-4E47-848F-D2C276DB6B17}.Debug|x86.ActiveCfg = Debug|Any CPU
		{771EE871-7096-4E47-848F-D2C276DB6B17}.Debug|x86.Build.0 = Debug|Any CPU
		{771EE871-7096-4E47-848F-D2C276DB6B17}.Release|Any CPU.ActiveCfg = Release|Any CPU
		{771EE871-7096-4E47-848F-D2C276DB6B17}.Release|Any CPU.Build.0 = Release|Any CPU
		{771EE871-7096-4E47-848F-D2C276DB6B17}.Release|x64.ActiveCfg = Release|Any CPU
		{771EE871-7096-4E47-848F-D2C276DB6B17}.Release|x64.Build.0 = Release|Any CPU
		{771EE871-7096-4E47-848F-D2C276DB6B17}.Release|x86.ActiveCfg = Release|Any CPU
		{771EE871-7096-4E47-848F-D2C276DB6B17}.Release|x86.Build.0 = Release|Any CPU
	EndGlobalSection
	GlobalSection(SolutionProperties) = preSolution
		HideSolutionNode = FALSE
	EndGlobalSection
	GlobalSection(ExtensibilityGlobals) = postSolution
		SolutionGuid = {102CE710-ADE6-40AD-9FD9-A13C6701D1A4}
	EndGlobalSection
EndGlobal
